
Microsoft Visual Studio Solution File, Format Version 12.00
# Visual Studio Version 17
VisualStudioVersion = 17.4.33213.308
MinimumVisualStudioVersion = 10.0.40219.1
Project("{FAE04EC0-301F-11D3-BF4B-00C04F79EFBC}") = "DictionaryDemonstration", "DictionaryDemonstration\DictionaryDemonstration.csproj", "{C5C36F43-B07E-4B5F-875F-05FF4A2ADCBA}"
EndProject
Global
	GlobalSection(SolutionConfigurationPlatforms) = preSolution
		Debug|Any CPU = Debug|Any CPU
		Release|Any CPU = Release|Any CPU
	EndGlobalSection
	GlobalSection(ProjectConfigurationPlatforms) = postSolution
		{C5C36F43-B07E-4B5F-875F-05FF4A2ADCBA}.Debug|Any CPU.ActiveCfg = Debug|Any CPU
		{C5C36F43-B07E-4B5F-875F-05FF4A2ADCBA}.Debug|Any CPU.Build.0 = Debug|Any CPU
		{C5C36F43-B07E-4B5F-875F-05FF4A2ADCBA}.Release|Any CPU.ActiveCfg = Release|Any CPU
		{C5C36F43-B07E-4B5F-875F-05FF4A2ADCBA}.Release|Any CPU.Build.0 = Release|Any CPU
	EndGlobalSection
	GlobalSection(SolutionProperties) = preSolution
		HideSolutionNode = FALSE
	EndGlobalSection
	GlobalSection(ExtensibilityGlobals) = postSolution
		SolutionGuid = {E15C90A5-A6EE-4DD4-BB48-F3A4A8430652}
	EndGlobalSection
EndGlobal
